
Microsoft Visual Studio Solution File, Format Version 12.00
# Visual Studio Version 17
VisualStudioVersion = 17.7.34031.279
MinimumVisualStudioVersion = 10.0.40219.1
Project("{FAE04EC0-301F-11D3-BF4B-00C04F79EFBC}") = "Fitness", "Fitness.csproj", "{030CA9AA-5369-448E-A022-613F8A7F98CE}"
EndProject
Global
	GlobalSection(SolutionConfigurationPlatforms) = preSolution
		Debug|Any CPU = Debug|Any CPU
		Release|Any CPU = Release|Any CPU
	EndGlobalSection
	GlobalSection(ProjectConfigurationPlatforms) = postSolution
		{030CA9AA-5369-448E-A022-613F8A7F98CE}.Debug|Any CPU.ActiveCfg = Debug|Any CPU
		{030CA9AA-5369-448E-A022-613F8A7F98CE}.Debug|Any CPU.Build.0 = Debug|Any CPU
		{030CA9AA-5369-448E-A022-613F8A7F98CE}.Release|Any CPU.ActiveCfg = Release|Any CPU
		{030CA9AA-5369-448E-A022-613F8A7F98CE}.Release|Any CPU.Build.0 = Release|Any CPU
	EndGlobalSection
	GlobalSection(SolutionProperties) = preSolution
		HideSolutionNode = FALSE
	EndGlobalSection
	GlobalSection(ExtensibilityGlobals) = postSolution
		SolutionGuid = {4395466F-385F-4393-8932-6F7039A67C74}
	EndGlobalSection
EndGlobal
